{
  "name": "typescript-parcel-watcher",
  "version": "1.0.0",
  "lockfileVersion": 2,
  "requires": true,
  "packages": {
    "": {
      "name": "typescript-parcel-watcher",
      "version": "1.0.0",
      "license": "MIT",
      "dependencies": {
        "@parcel/watcher": "^2.0.5"
      },
      "devDependencies": {
        "@types/node": "^18.8.4",
        "typescript": "npm:@typescript-deploys/pr-build@5.1.0-pr-54012-3"
      }
    },
    "node_modules/@parcel/watcher": {
      "version": "2.0.5",
      "resolved": "https://registry.npmjs.org/@parcel/watcher/-/watcher-2.0.5.tgz",
      "integrity": "sha512-x0hUbjv891omnkcHD7ZOhiyyUqUUR6MNjq89JhEI3BxppeKWAm6NPQsqqRrAkCJBogdT/o/My21sXtTI9rJIsw==",
      "hasInstallScript": true,
      "dependencies": {
        "node-addon-api": "^3.2.1",
        "node-gyp-build": "^4.3.0"
      },
      "engines": {
        "node": ">= 10.0.0"
      },
      "funding": {
        "type": "opencollective",
        "url": "https://opencollective.com/parcel"
      }
    },
    "node_modules/@types/node": {
      "version": "18.8.4",
      "resolved": "https://registry.npmjs.org/@types/node/-/node-18.8.4.tgz",
      "integrity": "sha512-WdlVphvfR/GJCLEMbNA8lJ0lhFNBj4SW3O+O5/cEGw9oYrv0al9zTwuQsq+myDUXgNx2jgBynoVgZ2MMJ6pbow==",
      "dev": true
    },
    "node_modules/node-addon-api": {
      "version": "3.2.1",
      "resolved": "https://registry.npmjs.org/node-addon-api/-/node-addon-api-3.2.1.tgz",
      "integrity": "sha512-mmcei9JghVNDYydghQmeDX8KoAm0FAiYyIcUt/N4nhyAipB17pllZQDOJD2fotxABnt4Mdz+dKTO7eftLg4d0A=="
    },
    "node_modules/node-gyp-build": {
      "version": "4.5.0",
      "resolved": "https://registry.npmjs.org/node-gyp-build/-/node-gyp-build-4.5.0.tgz",
      "integrity": "sha512-2iGbaQBV+ITgCz76ZEjmhUKAKVf7xfY1sRl4UiKQspfZMH2h06SyhNsnSVy50cwkFQDGLyif6m/6uFXHkOZ6rg==",
      "bin": {
        "node-gyp-build": "bin.js",
        "node-gyp-build-optional": "optional.js",
        "node-gyp-build-test": "build-test.js"
      }
    },
    "node_modules/typescript": {
      "name": "@typescript-deploys/pr-build",
      "version": "5.1.0-pr-54012-3",
      "resolved": "https://registry.npmjs.org/@typescript-deploys/pr-build/-/pr-build-5.1.0-pr-54012-3.tgz",
      "integrity": "sha512-gwhTOV3DkyKjiTTlUX7gBC376vP3SlZ4r8Vk1Wlqein+SAENJf5S2N5aIb4EJ1Npbv17A5Yfw0+tW6RWWm3z/A==",
      "dev": true,
      "bin": {
        "tsc": "bin/tsc",
        "tsserver": "bin/tsserver"
      },
      "engines": {
        "node": ">=14.17"
      }
    }
  },
  "dependencies": {
    "@parcel/watcher": {
      "version": "2.0.5",
      "resolved": "https://registry.npmjs.org/@parcel/watcher/-/watcher-2.0.5.tgz",
      "integrity": "sha512-x0hUbjv891omnkcHD7ZOhiyyUqUUR6MNjq89JhEI3BxppeKWAm6NPQsqqRrAkCJBogdT/o/My21sXtTI9rJIsw==",
      "requires": {
        "node-addon-api": "^3.2.1",
        "node-gyp-build": "^4.3.0"
      }
    },
    "@types/node": {
      "version": "18.8.4",
      "resolved": "https://registry.npmjs.org/@types/node/-/node-18.8.4.tgz",
      "integrity": "sha512-WdlVphvfR/GJCLEMbNA8lJ0lhFNBj4SW3O+O5/cEGw9oYrv0al9zTwuQsq+myDUXgNx2jgBynoVgZ2MMJ6pbow==",
      "dev": true
    },
    "node-addon-api": {
      "version": "3.2.1",
      "resolved": "https://registry.npmjs.org/node-addon-api/-/node-addon-api-3.2.1.tgz",
      "integrity": "sha512-mmcei9JghVNDYydghQmeDX8KoAm0FAiYyIcUt/N4nhyAipB17pllZQDOJD2fotxABnt4Mdz+dKTO7eftLg4d0A=="
    },
    "node-gyp-build": {
      "version": "4.5.0",
      "resolved": "https://registry.npmjs.org/node-gyp-build/-/node-gyp-build-4.5.0.tgz",
      "integrity": "sha512-2iGbaQBV+ITgCz76ZEjmhUKAKVf7xfY1sRl4UiKQspfZMH2h06SyhNsnSVy50cwkFQDGLyif6m/6uFXHkOZ6rg=="
    },
    "typescript": {
      "version": "npm:@typescript-deploys/pr-build@5.1.0-pr-54012-3",
      "resolved": "https://registry.npmjs.org/@typescript-deploys/pr-build/-/pr-build-5.1.0-pr-54012-3.tgz",
      "integrity": "sha512-gwhTOV3DkyKjiTTlUX7gBC376vP3SlZ4r8Vk1Wlqein+SAENJf5S2N5aIb4EJ1Npbv17A5Yfw0+tW6RWWm3z/A==",
      "dev": true
    }
  }
}
